
Microsoft Visual Studio Solution File, Format Version 12.00
# Visual Studio Version 17
VisualStudioVersion = 17.9.34728.123
MinimumVisualStudioVersion = 10.0.40219.1
Project("{FAE04EC0-301F-11D3-BF4B-00C04F79EFBC}") = "BankApplication", "BankApplication\BankApplication.csproj", "{45821A46-EF22-4203-BC86-F2052590AB26}"
EndProject
Project("{FAE04EC0-301F-11D3-BF4B-00C04F79EFBC}") = "BankLibrary", "BankLibrary\BankLibrary.csproj", "{B967E8AC-1718-43BD-970B-90FCC4465850}"
EndProject
Project("{FAE04EC0-301F-11D3-BF4B-00C04F79EFBC}") = "ConsoleApp1", "ConsoleApp1\ConsoleApp1.csproj", "{918B2EB5-F87A-4DF9-AAF9-57E25F57E68F}"
EndProject
Project("{FAE04EC0-301F-11D3-BF4B-00C04F79EFBC}") = "WindowsFormsApp1", "WindowsFormsApp1\WindowsFormsApp1.csproj", "{6EFD293D-09EA-48CE-B5EC-D3AE728EB743}"
EndProject
Project("{FAE04EC0-301F-11D3-BF4B-00C04F79EFBC}") = "ExceptionApp", "ExceptionApp\ExceptionApp.csproj", "{477FD80C-F2F7-4F62-B06A-255DFABFD75F}"
EndProject
Global
	GlobalSection(SolutionConfigurationPlatforms) = preSolution
		Debug|Any CPU = Debug|Any CPU
		Release|Any CPU = Release|Any CPU
	EndGlobalSection
	GlobalSection(ProjectConfigurationPlatforms) = postSolution
		{45821A46-EF22-4203-BC86-F2052590AB26}.Debug|Any CPU.ActiveCfg = Debug|Any CPU
		{45821A46-EF22-4203-BC86-F2052590AB26}.Debug|Any CPU.Build.0 = Debug|Any CPU
		{45821A46-EF22-4203-BC86-F2052590AB26}.Release|Any CPU.ActiveCfg = Release|Any CPU
		{45821A46-EF22-4203-BC86-F2052590AB26}.Release|Any CPU.Build.0 = Release|Any CPU
		{B967E8AC-1718-43BD-970B-90FCC4465850}.Debug|Any CPU.ActiveCfg = Debug|Any CPU
		{B967E8AC-1718-43BD-970B-90FCC4465850}.Debug|Any CPU.Build.0 = Debug|Any CPU
		{B967E8AC-1718-43BD-970B-90FCC4465850}.Release|Any CPU.ActiveCfg = Release|Any CPU
		{B967E8AC-1718-43BD-970B-90FCC4465850}.Release|Any CPU.Build.0 = Release|Any CPU
		{918B2EB5-F87A-4DF9-AAF9-57E25F57E68F}.Debug|Any CPU.ActiveCfg = Debug|Any CPU
		{918B2EB5-F87A-4DF9-AAF9-57E25F57E68F}.Debug|Any CPU.Build.0 = Debug|Any CPU
		{918B2EB5-F87A-4DF9-AAF9-57E25F57E68F}.Release|Any CPU.ActiveCfg = Release|Any CPU
		{918B2EB5-F87A-4DF9-AAF9-57E25F57E68F}.Release|Any CPU.Build.0 = Release|Any CPU
		{6EFD293D-09EA-48CE-B5EC-D3AE728EB743}.Debug|Any CPU.ActiveCfg = Debug|Any CPU
		{6EFD293D-09EA-48CE-B5EC-D3AE728EB743}.Debug|Any CPU.Build.0 = Debug|Any CPU
		{6EFD293D-09EA-48CE-B5EC-D3AE728EB743}.Release|Any CPU.ActiveCfg = Release|Any CPU
		{6EFD293D-09EA-48CE-B5EC-D3AE728EB743}.Release|Any CPU.Build.0 = Release|Any CPU
		{477FD80C-F2F7-4F62-B06A-255DFABFD75F}.Debug|Any CPU.ActiveCfg = Debug|Any CPU
		{477FD80C-F2F7-4F62-B06A-255DFABFD75F}.Debug|Any CPU.Build.0 = Debug|Any CPU
		{477FD80C-F2F7-4F62-B06A-255DFABFD75F}.Release|Any CPU.ActiveCfg = Release|Any CPU
		{477FD80C-F2F7-4F62-B06A-255DFABFD75F}.Release|Any CPU.Build.0 = Release|Any CPU
	EndGlobalSection
	GlobalSection(SolutionProperties) = preSolution
		HideSolutionNode = FALSE
	EndGlobalSection
	GlobalSection(ExtensibilityGlobals) = postSolution
		SolutionGuid = {2A107DC9-25BD-474D-A81B-45E6110117E0}
	EndGlobalSection
EndGlobal
